
Microsoft Visual Studio Solution File, Format Version 12.00
# Visual Studio 15
VisualStudioVersion = 15.0.27130.2010
MinimumVisualStudioVersion = 10.0.40219.1
Project("{FAE04EC0-301F-11D3-BF4B-00C04F79EFBC}") = "Category.Android", "Category\Category.Android\Category.Android.csproj", "{036022F5-8A0C-4FD1-B572-1160CC133650}"
EndProject
Project("{FAE04EC0-301F-11D3-BF4B-00C04F79EFBC}") = "Category.iOS", "Category\Category.iOS\Category.iOS.csproj", "{BA3D4708-FFB8-453F-A212-605BACA5D608}"
EndProject
Project("{FAE04EC0-301F-11D3-BF4B-00C04F79EFBC}") = "Category", "Category\Category\Category.csproj", "{A2C443A8-B7E1-4AC2-A83D-52B3096C4F97}"
EndProject
Project("{FAE04EC0-301F-11D3-BF4B-00C04F79EFBC}") = "Category.Domain", "Category.Domain\Category.Domain.csproj", "{047AD103-E4DA-4A5F-A47F-E83AB0A18FF2}"
EndProject
Project("{FAE04EC0-301F-11D3-BF4B-00C04F79EFBC}") = "Category.Backend", "Category.Backend\Category.Backend.csproj", "{711BEA72-DABC-40AB-BFA7-4695A2546479}"
EndProject
Project("{FAE04EC0-301F-11D3-BF4B-00C04F79EFBC}") = "Category.API", "Category.API\Category.API.csproj", "{B0D53A15-9161-4BA6-8DE1-B4CECE52CEA3}"
EndProject
Global
	GlobalSection(SolutionConfigurationPlatforms) = preSolution
		Ad-Hoc|Any CPU = Ad-Hoc|Any CPU
		Ad-Hoc|iPhone = Ad-Hoc|iPhone
		Ad-Hoc|iPhoneSimulator = Ad-Hoc|iPhoneSimulator
		AppStore|Any CPU = AppStore|Any CPU
		AppStore|iPhone = AppStore|iPhone
		AppStore|iPhoneSimulator = AppStore|iPhoneSimulator
		Debug|Any CPU = Debug|Any CPU
		Debug|iPhone = Debug|iPhone
		Debug|iPhoneSimulator = Debug|iPhoneSimulator
		Release|Any CPU = Release|Any CPU
		Release|iPhone = Release|iPhone
		Release|iPhoneSimulator = Release|iPhoneSimulator
	EndGlobalSection
	GlobalSection(ProjectConfigurationPlatforms) = postSolution
		{036022F5-8A0C-4FD1-B572-1160CC133650}.Ad-Hoc|Any CPU.ActiveCfg = Release|Any CPU
		{036022F5-8A0C-4FD1-B572-1160CC133650}.Ad-Hoc|Any CPU.Build.0 = Release|Any CPU
		{036022F5-8A0C-4FD1-B572-1160CC133650}.Ad-Hoc|Any CPU.Deploy.0 = Release|Any CPU
		{036022F5-8A0C-4FD1-B572-1160CC133650}.Ad-Hoc|iPhone.ActiveCfg = Release|Any CPU
		{036022F5-8A0C-4FD1-B572-1160CC133650}.Ad-Hoc|iPhone.Build.0 = Release|Any CPU
		{036022F5-8A0C-4FD1-B572-1160CC133650}.Ad-Hoc|iPhone.Deploy.0 = Release|Any CPU
		{036022F5-8A0C-4FD1-B572-1160CC133650}.Ad-Hoc|iPhoneSimulator.ActiveCfg = Release|Any CPU
		{036022F5-8A0C-4FD1-B572-1160CC133650}.Ad-Hoc|iPhoneSimulator.Build.0 = Release|Any CPU
		{036022F5-8A0C-4FD1-B572-1160CC133650}.Ad-Hoc|iPhoneSimulator.Deploy.0 = Release|Any CPU
		{036022F5-8A0C-4FD1-B572-1160CC133650}.AppStore|Any CPU.ActiveCfg = Release|Any CPU
		{036022F5-8A0C-4FD1-B572-1160CC133650}.AppStore|Any CPU.Build.0 = Release|Any CPU
		{036022F5-8A0C-4FD1-B572-1160CC133650}.AppStore|Any CPU.Deploy.0 = Release|Any CPU
		{036022F5-8A0C-4FD1-B572-1160CC133650}.AppStore|iPhone.ActiveCfg = Release|Any CPU
		{036022F5-8A0C-4FD1-B572-1160CC133650}.AppStore|iPhone.Build.0 = Release|Any CPU
		{036022F5-8A0C-4FD1-B572-1160CC133650}.AppStore|iPhone.Deploy.0 = Release|Any CPU
		{036022F5-8A0C-4FD1-B572-1160CC133650}.AppStore|iPhoneSimulator.ActiveCfg = Release|Any CPU
		{036022F5-8A0C-4FD1-B572-1160CC133650}.AppStore|iPhoneSimulator.Build.0 = Release|Any CPU
		{036022F5-8A0C-4FD1-B572-1160CC133650}.AppStore|iPhoneSimulator.Deploy.0 = Release|Any CPU
		{036022F5-8A0C-4FD1-B572-1160CC133650}.Debug|Any CPU.ActiveCfg = Debug|Any CPU
		{036022F5-8A0C-4FD1-B572-1160CC133650}.Debug|Any CPU.Build.0 = Debug|Any CPU
		{036022F5-8A0C-4FD1-B572-1160CC133650}.Debug|Any CPU.Deploy.0 = Debug|Any CPU
		{036022F5-8A0C-4FD1-B572-1160CC133650}.Debug|iPhone.ActiveCfg = Debug|Any CPU
		{036022F5-8A0C-4FD1-B572-1160CC133650}.Debug|iPhone.Build.0 = Debug|Any CPU
		{036022F5-8A0C-4FD1-B572-1160CC133650}.Debug|iPhone.Deploy.0 = Debug|Any CPU
		{036022F5-8A0C-4FD1-B572-1160CC133650}.Debug|iPhoneSimulator.ActiveCfg = Debug|Any CPU
		{036022F5-8A0C-4FD1-B572-1160CC133650}.Debug|iPhoneSimulator.Build.0 = Debug|Any CPU
		{036022F5-8A0C-4FD1-B572-1160CC133650}.Debug|iPhoneSimulator.Deploy.0 = Debug|Any CPU
		{036022F5-8A0C-4FD1-B572-1160CC133650}.Release|Any CPU.ActiveCfg = Release|Any CPU
		{036022F5-8A0C-4FD1-B572-1160CC133650}.Release|Any CPU.Build.0 = Release|Any CPU
		{036022F5-8A0C-4FD1-B572-1160CC133650}.Release|Any CPU.Deploy.0 = Release|Any CPU
		{036022F5-8A0C-4FD1-B572-1160CC133650}.Release|iPhone.ActiveCfg = Release|Any CPU
		{036022F5-8A0C-4FD1-B572-1160CC133650}.Release|iPhone.Build.0 = Release|Any CPU
		{036022F5-8A0C-4FD1-B572-1160CC133650}.Release|iPhone.Deploy.0 = Release|Any CPU
		{036022F5-8A0C-4FD1-B572-1160CC133650}.Release|iPhoneSimulator.ActiveCfg = Release|Any CPU
		{036022F5-8A0C-4FD1-B572-1160CC133650}.Release|iPhoneSimulator.Build.0 = Release|Any CPU
		{036022F5-8A0C-4FD1-B572-1160CC133650}.Release|iPhoneSimulator.Deploy.0 = Release|Any CPU
		{BA3D4708-FFB8-453F-A212-605BACA5D608}.Ad-Hoc|Any CPU.ActiveCfg = Ad-Hoc|iPhone
		{BA3D4708-FFB8-453F-A212-605BACA5D608}.Ad-Hoc|iPhone.ActiveCfg = Ad-Hoc|iPhone
		{BA3D4708-FFB8-453F-A212-605BACA5D608}.Ad-Hoc|iPhone.Build.0 = Ad-Hoc|iPhone
		{BA3D4708-FFB8-453F-A212-605BACA5D608}.Ad-Hoc|iPhoneSimulator.ActiveCfg = Ad-Hoc|iPhoneSimulator
		{BA3D4708-FFB8-453F-A212-605BACA5D608}.Ad-Hoc|iPhoneSimulator.Build.0 = Ad-Hoc|iPhoneSimulator
		{BA3D4708-FFB8-453F-A212-605BACA5D608}.AppStore|Any CPU.ActiveCfg = AppStore|iPhone
		{BA3D4708-FFB8-453F-A212-605BACA5D608}.AppStore|iPhone.ActiveCfg = AppStore|iPhone
		{BA3D4708-FFB8-453F-A212-605BACA5D608}.AppStore|iPhone.Build.0 = AppStore|iPhone
		{BA3D4708-FFB8-453F-A212-605BACA5D608}.AppStore|iPhoneSimulator.ActiveCfg = AppStore|iPhoneSimulator
		{BA3D4708-FFB8-453F-A212-605BACA5D608}.AppStore|iPhoneSimulator.Build.0 = AppStore|iPhoneSimulator
		{BA3D4708-FFB8-453F-A212-605BACA5D608}.Debug|Any CPU.ActiveCfg = Debug|iPhone
		{BA3D4708-FFB8-453F-A212-605BACA5D608}.Debug|iPhone.ActiveCfg = Debug|iPhone
		{BA3D4708-FFB8-453F-A212-605BACA5D608}.Debug|iPhone.Build.0 = Debug|iPhone
		{BA3D4708-FFB8-453F-A212-605BACA5D608}.Debug|iPhoneSimulator.ActiveCfg = Debug|iPhoneSimulator
		{BA3D4708-FFB8-453F-A212-605BACA5D608}.Debug|iPhoneSimulator.Build.0 = Debug|iPhoneSimulator
		{BA3D4708-FFB8-453F-A212-605BACA5D608}.Release|Any CPU.ActiveCfg = Release|iPhone
		{BA3D4708-FFB8-453F-A212-605BACA5D608}.Release|iPhone.ActiveCfg = Release|iPhone
		{BA3D4708-FFB8-453F-A212-605BACA5D608}.Release|iPhone.Build.0 = Release|iPhone
		{BA3D4708-FFB8-453F-A212-605BACA5D608}.Release|iPhoneSimulator.ActiveCfg = Release|iPhoneSimulator
		{BA3D4708-FFB8-453F-A212-605BACA5D608}.Release|iPhoneSimulator.Build.0 = Release|iPhoneSimulator
		{A2C443A8-B7E1-4AC2-A83D-52B3096C4F97}.Ad-Hoc|Any CPU.ActiveCfg = Debug|Any CPU
		{A2C443A8-B7E1-4AC2-A83D-52B3096C4F97}.Ad-Hoc|Any CPU.Build.0 = Debug|Any CPU
		{A2C443A8-B7E1-4AC2-A83D-52B3096C4F97}.Ad-Hoc|iPhone.ActiveCfg = Debug|Any CPU
		{A2C443A8-B7E1-4AC2-A83D-52B3096C4F97}.Ad-Hoc|iPhone.Build.0 = Debug|Any CPU
		{A2C443A8-B7E1-4AC2-A83D-52B3096C4F97}.Ad-Hoc|iPhoneSimulator.ActiveCfg = Debug|Any CPU
		{A2C443A8-B7E1-4AC2-A83D-52B3096C4F97}.Ad-Hoc|iPhoneSimulator.Build.0 = Debug|Any CPU
		{A2C443A8-B7E1-4AC2-A83D-52B3096C4F97}.AppStore|Any CPU.ActiveCfg = Debug|Any CPU
		{A2C443A8-B7E1-4AC2-A83D-52B3096C4F97}.AppStore|Any CPU.Build.0 = Debug|Any CPU
		{A2C443A8-B7E1-4AC2-A83D-52B3096C4F97}.AppStore|iPhone.ActiveCfg = Debug|Any CPU
		{A2C443A8-B7E1-4AC2-A83D-52B3096C4F97}.AppStore|iPhone.Build.0 = Debug|Any CPU
		{A2C443A8-B7E1-4AC2-A83D-52B3096C4F97}.AppStore|iPhoneSimulator.ActiveCfg = Debug|Any CPU
		{A2C443A8-B7E1-4AC2-A83D-52B3096C4F97}.AppStore|iPhoneSimulator.Build.0 = Debug|Any CPU
		{A2C443A8-B7E1-4AC2-A83D-52B3096C4F97}.Debug|Any CPU.ActiveCfg = Debug|Any CPU
		{A2C443A8-B7E1-4AC2-A83D-52B3096C4F97}.Debug|Any CPU.Build.0 = Debug|Any CPU
		{A2C443A8-B7E1-4AC2-A83D-52B3096C4F97}.Debug|iPhone.ActiveCfg = Debug|Any CPU
		{A2C443A8-B7E1-4AC2-A83D-52B3096C4F97}.Debug|iPhone.Build.0 = Debug|Any CPU
		{A2C443A8-B7E1-4AC2-A83D-52B3096C4F97}.Debug|iPhoneSimulator.ActiveCfg = Debug|Any CPU
		{A2C443A8-B7E1-4AC2-A83D-52B3096C4F97}.Debug|iPhoneSimulator.Build.0 = Debug|Any CPU
		{A2C443A8-B7E1-4AC2-A83D-52B3096C4F97}.Release|Any CPU.ActiveCfg = Release|Any CPU
		{A2C443A8-B7E1-4AC2-A83D-52B3096C4F97}.Release|Any CPU.Build.0 = Release|Any CPU
		{A2C443A8-B7E1-4AC2-A83D-52B3096C4F97}.Release|iPhone.ActiveCfg = Release|Any CPU
		{A2C443A8-B7E1-4AC2-A83D-52B3096C4F97}.Release|iPhone.Build.0 = Release|Any CPU
		{A2C443A8-B7E1-4AC2-A83D-52B3096C4F97}.Release|iPhoneSimulator.ActiveCfg = Release|Any CPU
		{A2C443A8-B7E1-4AC2-A83D-52B3096C4F97}.Release|iPhoneSimulator.Build.0 = Release|Any CPU
		{047AD103-E4DA-4A5F-A47F-E83AB0A18FF2}.Ad-Hoc|Any CPU.ActiveCfg = Release|Any CPU
		{047AD103-E4DA-4A5F-A47F-E83AB0A18FF2}.Ad-Hoc|Any CPU.Build.0 = Release|Any CPU
		{047AD103-E4DA-4A5F-A47F-E83AB0A18FF2}.Ad-Hoc|iPhone.ActiveCfg = Release|Any CPU
		{047AD103-E4DA-4A5F-A47F-E83AB0A18FF2}.Ad-Hoc|iPhone.Build.0 = Release|Any CPU
		{047AD103-E4DA-4A5F-A47F-E83AB0A18FF2}.Ad-Hoc|iPhoneSimulator.ActiveCfg = Release|Any CPU
		{047AD103-E4DA-4A5F-A47F-E83AB0A18FF2}.Ad-Hoc|iPhoneSimulator.Build.0 = Release|Any CPU
		{047AD103-E4DA-4A5F-A47F-E83AB0A18FF2}.AppStore|Any CPU.ActiveCfg = Release|Any CPU
		{047AD103-E4DA-4A5F-A47F-E83AB0A18FF2}.AppStore|Any CPU.Build.0 = Release|Any CPU
		{047AD103-E4DA-4A5F-A47F-E83AB0A18FF2}.AppStore|iPhone.ActiveCfg = Release|Any CPU
		{047AD103-E4DA-4A5F-A47F-E83AB0A18FF2}.AppStore|iPhone.Build.0 = Release|Any CPU
		{047AD103-E4DA-4A5F-A47F-E83AB0A18FF2}.AppStore|iPhoneSimulator.ActiveCfg = Release|Any CPU
		{047AD103-E4DA-4A5F-A47F-E83AB0A18FF2}.AppStore|iPhoneSimulator.Build.0 = Release|Any CPU
		{047AD103-E4DA-4A5F-A47F-E83AB0A18FF2}.Debug|Any CPU.ActiveCfg = Debug|Any CPU
		{047AD103-E4DA-4A5F-A47F-E83AB0A18FF2}.Debug|Any CPU.Build.0 = Debug|Any CPU
		{047AD103-E4DA-4A5F-A47F-E83AB0A18FF2}.Debug|iPhone.ActiveCfg = Debug|Any CPU
		{047AD103-E4DA-4A5F-A47F-E83AB0A18FF2}.Debug|iPhone.Build.0 = Debug|Any CPU
		{047AD103-E4DA-4A5F-A47F-E83AB0A18FF2}.Debug|iPhoneSimulator.ActiveCfg = Debug|Any CPU
		{047AD103-E4DA-4A5F-A47F-E83AB0A18FF2}.Debug|iPhoneSimulator.Build.0 = Debug|Any CPU
		{047AD103-E4DA-4A5F-A47F-E83AB0A18FF2}.Release|Any CPU.ActiveCfg = Release|Any CPU
		{047AD103-E4DA-4A5F-A47F-E83AB0A18FF2}.Release|Any CPU.Build.0 = Release|Any CPU
		{047AD103-E4DA-4A5F-A47F-E83AB0A18FF2}.Release|iPhone.ActiveCfg = Release|Any CPU
		{047AD103-E4DA-4A5F-A47F-E83AB0A18FF2}.Release|iPhone.Build.0 = Release|Any CPU
		{047AD103-E4DA-4A5F-A47F-E83AB0A18FF2}.Release|iPhoneSimulator.ActiveCfg = Release|Any CPU
		{047AD103-E4DA-4A5F-A47F-E83AB0A18FF2}.Release|iPhoneSimulator.Build.0 = Release|Any CPU
		{711BEA72-DABC-40AB-BFA7-4695A2546479}.Ad-Hoc|Any CPU.ActiveCfg = Release|Any CPU
		{711BEA72-DABC-40AB-BFA7-4695A2546479}.Ad-Hoc|Any CPU.Build.0 = Release|Any CPU
		{711BEA72-DABC-40AB-BFA7-4695A2546479}.Ad-Hoc|iPhone.ActiveCfg = Release|Any CPU
		{711BEA72-DABC-40AB-BFA7-4695A2546479}.Ad-Hoc|iPhone.Build.0 = Release|Any CPU
		{711BEA72-DABC-40AB-BFA7-4695A2546479}.Ad-Hoc|iPhoneSimulator.ActiveCfg = Release|Any CPU
		{711BEA72-DABC-40AB-BFA7-4695A2546479}.Ad-Hoc|iPhoneSimulator.Build.0 = Release|Any CPU
		{711BEA72-DABC-40AB-BFA7-4695A2546479}.AppStore|Any CPU.ActiveCfg = Release|Any CPU
		{711BEA72-DABC-40AB-BFA7-4695A2546479}.AppStore|Any CPU.Build.0 = Release|Any CPU
		{711BEA72-DABC-40AB-BFA7-4695A2546479}.AppStore|iPhone.ActiveCfg = Release|Any CPU
		{711BEA72-DABC-40AB-BFA7-4695A2546479}.AppStore|iPhone.Build.0 = Release|Any CPU
		{711BEA72-DABC-40AB-BFA7-4695A2546479}.AppStore|iPhoneSimulator.ActiveCfg = Release|Any CPU
		{711BEA72-DABC-40AB-BFA7-4695A2546479}.AppStore|iPhoneSimulator.Build.0 = Release|Any CPU
		{711BEA72-DABC-40AB-BFA7-4695A2546479}.Debug|Any CPU.ActiveCfg = Debug|Any CPU
		{711BEA72-DABC-40AB-BFA7-4695A2546479}.Debug|Any CPU.Build.0 = Debug|Any CPU
		{711BEA72-DABC-40AB-BFA7-4695A2546479}.Debug|iPhone.ActiveCfg = Debug|Any CPU
		{711BEA72-DABC-40AB-BFA7-4695A2546479}.Debug|iPhone.Build.0 = Debug|Any CPU
		{711BEA72-DABC-40AB-BFA7-4695A2546479}.Debug|iPhoneSimulator.ActiveCfg = Debug|Any CPU
		{711BEA72-DABC-40AB-BFA7-4695A2546479}.Debug|iPhoneSimulator.Build.0 = Debug|Any CPU
		{711BEA72-DABC-40AB-BFA7-4695A2546479}.Release|Any CPU.ActiveCfg = Release|Any CPU
		{711BEA72-DABC-40AB-BFA7-4695A2546479}.Release|Any CPU.Build.0 = Release|Any CPU
		{711BEA72-DABC-40AB-BFA7-4695A2546479}.Release|iPhone.ActiveCfg = Release|Any CPU
		{711BEA72-DABC-40AB-BFA7-4695A2546479}.Release|iPhone.Build.0 = Release|Any CPU
		{711BEA72-DABC-40AB-BFA7-4695A2546479}.Release|iPhoneSimulator.ActiveCfg = Release|Any CPU
		{711BEA72-DABC-40AB-BFA7-4695A2546479}.Release|iPhoneSimulator.Build.0 = Release|Any CPU
		{B0D53A15-9161-4BA6-8DE1-B4CECE52CEA3}.Ad-Hoc|Any CPU.ActiveCfg = Release|Any CPU
		{B0D53A15-9161-4BA6-8DE1-B4CECE52CEA3}.Ad-Hoc|Any CPU.Build.0 = Release|Any CPU
		{B0D53A15-9161-4BA6-8DE1-B4CECE52CEA3}.Ad-Hoc|iPhone.ActiveCfg = Release|Any CPU
		{B0D53A15-9161-4BA6-8DE1-B4CECE52CEA3}.Ad-Hoc|iPhone.Build.0 = Release|Any CPU
		{B0D53A15-9161-4BA6-8DE1-B4CECE52CEA3}.Ad-Hoc|iPhoneSimulator.ActiveCfg = Release|Any CPU
		{B0D53A15-9161-4BA6-8DE1-B4CECE52CEA3}.Ad-Hoc|iPhoneSimulator.Build.0 = Release|Any CPU
		{B0D53A15-9161-4BA6-8DE1-B4CECE52CEA3}.AppStore|Any CPU.ActiveCfg = Release|Any CPU
		{B0D53A15-9161-4BA6-8DE1-B4CECE52CEA3}.AppStore|Any CPU.Build.0 = Release|Any CPU
		{B0D53A15-9161-4BA6-8DE1-B4CECE52CEA3}.AppStore|iPhone.ActiveCfg = Release|Any CPU
		{B0D53A15-9161-4BA6-8DE1-B4CECE52CEA3}.AppStore|iPhone.Build.0 = Release|Any CPU
		{B0D53A15-9161-4BA6-8DE1-B4CECE52CEA3}.AppStore|iPhoneSimulator.ActiveCfg = Release|Any CPU
		{B0D53A15-9161-4BA6-8DE1-B4CECE52CEA3}.AppStore|iPhoneSimulator.Build.0 = Release|Any CPU
		{B0D53A15-9161-4BA6-8DE1-B4CECE52CEA3}.Debug|Any CPU.ActiveCfg = Debug|Any CPU
		{B0D53A15-9161-4BA6-8DE1-B4CECE52CEA3}.Debug|Any CPU.Build.0 = Debug|Any CPU
		{B0D53A15-9161-4BA6-8DE1-B4CECE52CEA3}.Debug|iPhone.ActiveCfg = Debug|Any CPU
		{B0D53A15-9161-4BA6-8DE1-B4CECE52CEA3}.Debug|iPhone.Build.0 = Debug|Any CPU
		{B0D53A15-9161-4BA6-8DE1-B4CECE52CEA3}.Debug|iPhoneSimulator.ActiveCfg = Debug|Any CPU
		{B0D53A15-9161-4BA6-8DE1-B4CECE52CEA3}.Debug|iPhoneSimulator.Build.0 = Debug|Any CPU
		{B0D53A15-9161-4BA6-8DE1-B4CECE52CEA3}.Release|Any CPU.ActiveCfg = Release|Any CPU
		{B0D53A15-9161-4BA6-8DE1-B4CECE52CEA3}.Release|Any CPU.Build.0 = Release|Any CPU
		{B0D53A15-9161-4BA6-8DE1-B4CECE52CEA3}.Release|iPhone.ActiveCfg = Release|Any CPU
		{B0D53A15-9161-4BA6-8DE1-B4CECE52CEA3}.Release|iPhone.Build.0 = Release|Any CPU
		{B0D53A15-9161-4BA6-8DE1-B4CECE52CEA3}.Release|iPhoneSimulator.ActiveCfg = Release|Any CPU
		{B0D53A15-9161-4BA6-8DE1-B4CECE52CEA3}.Release|iPhoneSimulator.Build.0 = Release|Any CPU
	EndGlobalSection
	GlobalSection(SolutionProperties) = preSolution
		HideSolutionNode = FALSE
	EndGlobalSection
	GlobalSection(ExtensibilityGlobals) = postSolution
		SolutionGuid = {DC47B494-8918-4C66-BA42-1EEED29C38EE}
	EndGlobalSection
EndGlobal
